version = 1
revision = 2
requires-python = ">=3.10"

[[package]]
name = "arg-services"
version = "1.7.7"
source = { editable = "." }
dependencies = [
    { name = "grpc-stubs" },
    { name = "grpcio" },
    { name = "grpcio-reflection" },
    { name = "protobuf" },
    { name = "types-protobuf" },
]

[package.metadata]
requires-dist = [
    { name = "grpc-stubs", specifier = ">=1,<2" },
    { name = "grpcio", specifier = ">=1,<2" },
    { name = "grpcio-reflection", specifier = ">=1,<2" },
    { name = "protobuf", specifier = ">=5,<6" },
    { name = "types-protobuf", specifier = ">=6,<7" },
]

[[package]]
name = "grpc-stubs"
version = "1.53.0.5"
source = { registry = "https://pypi.org/simple" }
dependencies = [
    { name = "grpcio" },
]
sdist = { url = "https://files.pythonhosted.org/packages/55/8d/14c6b8c2fa5d82ffe96aed53b1c38e2a9fb6a57c5836966545f3080e5adc/grpc-stubs-1.53.0.5.tar.gz", hash = "sha256:3e1b642775cbc3e0c6332cfcedfccb022176db87e518757bef3a1241397be406", size = 14259, upload-time = "2023-12-28T02:13:29.19Z" }
wheels = [
    { url = "https://files.pythonhosted.org/packages/e0/86/147d2ccaf9b4b81407734b9abc1152aff39836e8e05be3bf069f9374c021/grpc_stubs-1.53.0.5-py3-none-any.whl", hash = "sha256:04183fb65a1b166a1febb9627e3d9647d3926ccc2dfe049fe7b6af243428dbe1", size = 16497, upload-time = "2023-12-28T02:13:27.556Z" },
]

[[package]]
name = "grpcio"
version = "1.70.0"
source = { registry = "https://pypi.org/simple" }
sdist = { url = "https://files.pythonhosted.org/packages/69/e1/4b21b5017c33f3600dcc32b802bb48fe44a4d36d6c066f52650c7c2690fa/grpcio-1.70.0.tar.gz", hash = "sha256:8d1584a68d5922330025881e63a6c1b54cc8117291d382e4fa69339b6d914c56", size = 12788932, upload-time = "2025-01-23T18:00:17.288Z" }
wheels = [
    { url = "https://files.pythonhosted.org/packages/10/e9/f72408bac1f7b05b25e4df569b02d6b200c8e7857193aa9f1df7a3744add/grpcio-1.70.0-cp310-cp310-linux_armv7l.whl", hash = "sha256:95469d1977429f45fe7df441f586521361e235982a0b39e33841549143ae2851", size = 5229736, upload-time = "2025-01-23T17:52:55.697Z" },
    { url = "https://files.pythonhosted.org/packages/b3/17/e65139ea76dac7bcd8a3f17cbd37e3d1a070c44db3098d0be5e14c5bd6a1/grpcio-1.70.0-cp310-cp310-macosx_12_0_universal2.whl", hash = "sha256:ed9718f17fbdb472e33b869c77a16d0b55e166b100ec57b016dc7de9c8d236bf", size = 11432751, upload-time = "2025-01-23T17:52:58.338Z" },
    { url = "https://files.pythonhosted.org/packages/a0/12/42de6082b4ab14a59d30b2fc7786882fdaa75813a4a4f3d4a8c4acd6ed59/grpcio-1.70.0-cp310-cp310-manylinux_2_17_aarch64.whl", hash = "sha256:374d014f29f9dfdb40510b041792e0e2828a1389281eb590df066e1cc2b404e5", size = 5711439, upload-time = "2025-01-23T17:53:21.438Z" },
    { url = "https://files.pythonhosted.org/packages/34/f8/b5a19524d273cbd119274a387bb72d6fbb74578e13927a473bc34369f079/grpcio-1.70.0-cp310-cp310-manylinux_2_17_i686.manylinux2014_i686.whl", hash = "sha256:f2af68a6f5c8f78d56c145161544ad0febbd7479524a59c16b3e25053f39c87f", size = 6330777, upload-time = "2025-01-23T17:53:23.655Z" },
    { url = "https://files.pythonhosted.org/packages/1a/67/3d6c0ad786238aac7fa93b79246fc452978fbfe9e5f86f70da8e8a2797d0/grpcio-1.70.0-cp310-cp310-manylinux_2_17_x86_64.manylinux2014_x86_64.whl", hash = "sha256:ce7df14b2dcd1102a2ec32f621cc9fab6695effef516efbc6b063ad749867295", size = 5944639, upload-time = "2025-01-23T17:53:26.699Z" },
    { url = "https://files.pythonhosted.org/packages/76/0d/d9f7cbc41c2743cf18236a29b6a582f41bd65572a7144d92b80bc1e68479/grpcio-1.70.0-cp310-cp310-musllinux_1_1_i686.whl", hash = "sha256:c78b339869f4dbf89881e0b6fbf376313e4f845a42840a7bdf42ee6caed4b11f", size = 6643543, upload-time = "2025-01-23T17:53:30.758Z" },
    { url = "https://files.pythonhosted.org/packages/fc/24/bdd7e606b3400c14330e33a4698fa3a49e38a28c9e0a831441adbd3380d2/grpcio-1.70.0-cp310-cp310-musllinux_1_1_x86_64.whl", hash = "sha256:58ad9ba575b39edef71f4798fdb5c7b6d02ad36d47949cd381d4392a5c9cbcd3", size = 6199897, upload-time = "2025-01-23T17:53:34.656Z" },
    { url = "https://files.pythonhosted.org/packages/d1/33/8132eb370087960c82d01b89faeb28f3e58f5619ffe19889f57c58a19c18/grpcio-1.70.0-cp310-cp310-win32.whl", hash = "sha256:2b0d02e4b25a5c1f9b6c7745d4fa06efc9fd6a611af0fb38d3ba956786b95199", size = 3617513, upload-time = "2025-01-23T17:53:37.323Z" },
    { url = "https://files.pythonhosted.org/packages/99/bc/0fce5cfc0ca969df66f5dca6cf8d2258abb88146bf9ab89d8cf48e970137/grpcio-1.70.0-cp310-cp310-win_amd64.whl", hash = "sha256:0de706c0a5bb9d841e353f6343a9defc9fc35ec61d6eb6111802f3aa9fef29e1", size = 4303342, upload-time = "2025-01-23T17:53:41.719Z" },
    { url = "https://files.pythonhosted.org/packages/65/c4/1f67d23d6bcadd2fd61fb460e5969c52b3390b4a4e254b5e04a6d1009e5e/grpcio-1.70.0-cp311-cp311-linux_armv7l.whl", hash = "sha256:17325b0be0c068f35770f944124e8839ea3185d6d54862800fc28cc2ffad205a", size = 5229017, upload-time = "2025-01-23T17:53:44.732Z" },
    { url = "https://files.pythonhosted.org/packages/e4/bd/cc36811c582d663a740fb45edf9f99ddbd99a10b6ba38267dc925e1e193a/grpcio-1.70.0-cp311-cp311-macosx_10_14_universal2.whl", hash = "sha256:dbe41ad140df911e796d4463168e33ef80a24f5d21ef4d1e310553fcd2c4a386", size = 11472027, upload-time = "2025-01-23T17:53:50.417Z" },
    { url = "https://files.pythonhosted.org/packages/7e/32/8538bb2ace5cd72da7126d1c9804bf80b4fe3be70e53e2d55675c24961a8/grpcio-1.70.0-cp311-cp311-manylinux_2_17_aarch64.whl", hash = "sha256:5ea67c72101d687d44d9c56068328da39c9ccba634cabb336075fae2eab0d04b", size = 5707785, upload-time = "2025-01-23T17:53:54.511Z" },
    { url = "https://files.pythonhosted.org/packages/ce/5c/a45f85f2a0dfe4a6429dee98717e0e8bd7bd3f604315493c39d9679ca065/grpcio-1.70.0-cp311-cp311-manylinux_2_17_i686.manylinux2014_i686.whl", hash = "sha256:cb5277db254ab7586769e490b7b22f4ddab3876c490da0a1a9d7c695ccf0bf77", size = 6331599, upload-time = "2025-01-23T17:53:58.156Z" },
    { url = "https://files.pythonhosted.org/packages/9f/e5/5316b239380b8b2ad30373eb5bb25d9fd36c0375e94a98a0a60ea357d254/grpcio-1.70.0-cp311-cp311-manylinux_2_17_x86_64.manylinux2014_x86_64.whl", hash = "sha256:e7831a0fc1beeeb7759f737f5acd9fdcda520e955049512d68fda03d91186eea", size = 5940834, upload-time = "2025-01-23T17:54:00.404Z" },
    { url = "https://files.pythonhosted.org/packages/05/33/dbf035bc6d167068b4a9f2929dfe0b03fb763f0f861ecb3bb1709a14cb65/grpcio-1.70.0-cp311-cp311-musllinux_1_1_i686.whl", hash = "sha256:27cc75e22c5dba1fbaf5a66c778e36ca9b8ce850bf58a9db887754593080d839", size = 6641191, upload-time = "2025-01-23T17:54:02.916Z" },
    { url = "https://files.pythonhosted.org/packages/4c/c4/684d877517e5bfd6232d79107e5a1151b835e9f99051faef51fed3359ec4/grpcio-1.70.0-cp311-cp311-musllinux_1_1_x86_64.whl", hash = "sha256:d63764963412e22f0491d0d32833d71087288f4e24cbcddbae82476bfa1d81fd", size = 6198744, upload-time = "2025-01-23T17:54:06.842Z" },
    { url = "https://files.pythonhosted.org/packages/e9/43/92fe5eeaf340650a7020cfb037402c7b9209e7a0f3011ea1626402219034/grpcio-1.70.0-cp311-cp311-win32.whl", hash = "sha256:bb491125103c800ec209d84c9b51f1c60ea456038e4734688004f377cfacc113", size = 3617111, upload-time = "2025-01-23T17:54:10.329Z" },
    { url = "https://files.pythonhosted.org/packages/55/15/b6cf2c9515c028aff9da6984761a3ab484a472b0dc6435fcd07ced42127d/grpcio-1.70.0-cp311-cp311-win_amd64.whl", hash = "sha256:d24035d49e026353eb042bf7b058fb831db3e06d52bee75c5f2f3ab453e71aca", size = 4304604, upload-time = "2025-01-23T17:54:12.844Z" },
    { url = "https://files.pythonhosted.org/packages/4c/a4/ddbda79dd176211b518f0f3795af78b38727a31ad32bc149d6a7b910a731/grpcio-1.70.0-cp312-cp312-linux_armv7l.whl", hash = "sha256:ef4c14508299b1406c32bdbb9fb7b47612ab979b04cf2b27686ea31882387cff", size = 5198135, upload-time = "2025-01-23T17:54:16.026Z" },
    { url = "https://files.pythonhosted.org/packages/30/5c/60eb8a063ea4cb8d7670af8fac3f2033230fc4b75f62669d67c66ac4e4b0/grpcio-1.70.0-cp312-cp312-macosx_10_14_universal2.whl", hash = "sha256:aa47688a65643afd8b166928a1da6247d3f46a2784d301e48ca1cc394d2ffb40", size = 11447529, upload-time = "2025-01-23T17:54:18.568Z" },
    { url = "https://files.pythonhosted.org/packages/fb/b9/1bf8ab66729f13b44e8f42c9de56417d3ee6ab2929591cfee78dce749b57/grpcio-1.70.0-cp312-cp312-manylinux_2_17_aarch64.whl", hash = "sha256:880bfb43b1bb8905701b926274eafce5c70a105bc6b99e25f62e98ad59cb278e", size = 5664484, upload-time = "2025-01-23T17:54:22.169Z" },
    { url = "https://files.pythonhosted.org/packages/d1/06/2f377d6906289bee066d96e9bdb91e5e96d605d173df9bb9856095cccb57/grpcio-1.70.0-cp312-cp312-manylinux_2_17_i686.manylinux2014_i686.whl", hash = "sha256:9e654c4b17d07eab259d392e12b149c3a134ec52b11ecdc6a515b39aceeec898", size = 6303739, upload-time = "2025-01-23T17:54:25.612Z" },
    { url = "https://files.pythonhosted.org/packages/ae/50/64c94cfc4db8d9ed07da71427a936b5a2bd2b27c66269b42fbda82c7c7a4/grpcio-1.70.0-cp312-cp312-manylinux_2_17_x86_64.manylinux2014_x86_64.whl", hash = "sha256:2394e3381071045a706ee2eeb6e08962dd87e8999b90ac15c55f56fa5a8c9597", size = 5910417, upload-time = "2025-01-23T17:54:28.336Z" },
    { url = "https://files.pythonhosted.org/packages/53/89/8795dfc3db4389c15554eb1765e14cba8b4c88cc80ff828d02f5572965af/grpcio-1.70.0-cp312-cp312-musllinux_1_1_i686.whl", hash = "sha256:b3c76701428d2df01964bc6479422f20e62fcbc0a37d82ebd58050b86926ef8c", size = 6626797, upload-time = "2025-01-23T17:54:31.372Z" },
    { url = "https://files.pythonhosted.org/packages/9c/b2/6a97ac91042a2c59d18244c479ee3894e7fb6f8c3a90619bb5a7757fa30c/grpcio-1.70.0-cp312-cp312-musllinux_1_1_x86_64.whl", hash = "sha256:ac073fe1c4cd856ebcf49e9ed6240f4f84d7a4e6ee95baa5d66ea05d3dd0df7f", size = 6190055, upload-time = "2025-01-23T17:54:34.254Z" },
    { url = "https://files.pythonhosted.org/packages/86/2b/28db55c8c4d156053a8c6f4683e559cd0a6636f55a860f87afba1ac49a51/grpcio-1.70.0-cp312-cp312-win32.whl", hash = "sha256:cd24d2d9d380fbbee7a5ac86afe9787813f285e684b0271599f95a51bce33528", size = 3600214, upload-time = "2025-01-23T17:54:36.631Z" },
    { url = "https://files.pythonhosted.org/packages/17/c3/a7a225645a965029ed432e5b5e9ed959a574e62100afab553eef58be0e37/grpcio-1.70.0-cp312-cp312-win_amd64.whl", hash = "sha256:0495c86a55a04a874c7627fd33e5beaee771917d92c0e6d9d797628ac40e7655", size = 4292538, upload-time = "2025-01-23T17:54:38.845Z" },
    { url = "https://files.pythonhosted.org/packages/68/38/66d0f32f88feaf7d83f8559cd87d899c970f91b1b8a8819b58226de0a496/grpcio-1.70.0-cp313-cp313-linux_armv7l.whl", hash = "sha256:aa573896aeb7d7ce10b1fa425ba263e8dddd83d71530d1322fd3a16f31257b4a", size = 5199218, upload-time = "2025-01-23T17:54:40.964Z" },
    { url = "https://files.pythonhosted.org/packages/c1/96/947df763a0b18efb5cc6c2ae348e56d97ca520dc5300c01617b234410173/grpcio-1.70.0-cp313-cp313-macosx_10_14_universal2.whl", hash = "sha256:d405b005018fd516c9ac529f4b4122342f60ec1cee181788249372524e6db429", size = 11445983, upload-time = "2025-01-23T17:54:43.527Z" },
    { url = "https://files.pythonhosted.org/packages/fd/5b/f3d4b063e51b2454bedb828e41f3485800889a3609c49e60f2296cc8b8e5/grpcio-1.70.0-cp313-cp313-manylinux_2_17_aarch64.whl", hash = "sha256:f32090238b720eb585248654db8e3afc87b48d26ac423c8dde8334a232ff53c9", size = 5663954, upload-time = "2025-01-23T17:54:47.532Z" },
    { url = "https://files.pythonhosted.org/packages/bd/0b/dab54365fcedf63e9f358c1431885478e77d6f190d65668936b12dd38057/grpcio-1.70.0-cp313-cp313-manylinux_2_17_i686.manylinux2014_i686.whl", hash = "sha256:dfa089a734f24ee5f6880c83d043e4f46bf812fcea5181dcb3a572db1e79e01c", size = 6304323, upload-time = "2025-01-23T17:54:50.036Z" },
    { url = "https://files.pythonhosted.org/packages/76/a8/8f965a7171ddd336ce32946e22954aa1bbc6f23f095e15dadaa70604ba20/grpcio-1.70.0-cp313-cp313-manylinux_2_17_x86_64.manylinux2014_x86_64.whl", hash = "sha256:f19375f0300b96c0117aca118d400e76fede6db6e91f3c34b7b035822e06c35f", size = 5910939, upload-time = "2025-01-23T17:54:52.455Z" },
    { url = "https://files.pythonhosted.org/packages/1b/05/0bbf68be8b17d1ed6f178435a3c0c12e665a1e6054470a64ce3cb7896596/grpcio-1.70.0-cp313-cp313-musllinux_1_1_i686.whl", hash = "sha256:7c73c42102e4a5ec76608d9b60227d917cea46dff4d11d372f64cbeb56d259d0", size = 6631405, upload-time = "2025-01-23T17:54:55.808Z" },
    { url = "https://files.pythonhosted.org/packages/79/6a/5df64b6df405a1ed1482cb6c10044b06ec47fd28e87c2232dbcf435ecb33/grpcio-1.70.0-cp313-cp313-musllinux_1_1_x86_64.whl", hash = "sha256:0a5c78d5198a1f0aa60006cd6eb1c912b4a1520b6a3968e677dbcba215fabb40", size = 6190982, upload-time = "2025-01-23T17:54:58.405Z" },
    { url = "https://files.pythonhosted.org/packages/42/aa/aeaac87737e6d25d1048c53b8ec408c056d3ed0c922e7c5efad65384250c/grpcio-1.70.0-cp313-cp313-win32.whl", hash = "sha256:fe9dbd916df3b60e865258a8c72ac98f3ac9e2a9542dcb72b7a34d236242a5ce", size = 3598359, upload-time = "2025-01-23T17:55:00.671Z" },
    { url = "https://files.pythonhosted.org/packages/1f/79/8edd2442d2de1431b4a3de84ef91c37002f12de0f9b577fb07b452989dbc/grpcio-1.70.0-cp313-cp313-win_amd64.whl", hash = "sha256:4119fed8abb7ff6c32e3d2255301e59c316c22d31ab812b3fbcbaf3d0d87cc68", size = 4293938, upload-time = "2025-01-23T17:55:02.821Z" },
]

[[package]]
name = "grpcio-reflection"
version = "1.70.0"
source = { registry = "https://pypi.org/simple" }
dependencies = [
    { name = "grpcio" },
    { name = "protobuf" },
]
sdist = { url = "https://files.pythonhosted.org/packages/42/98/f76681980ec7e9813e010d2778f4109816650760f6839661ae378286b3b5/grpcio_reflection-1.70.0.tar.gz", hash = "sha256:af46ce13e57fd7602deaef5b1d1903f6644f8982cc00f62fa9fa5b928acf6a49", size = 18829, upload-time = "2025-01-23T18:00:31.74Z" }
wheels = [
    { url = "https://files.pythonhosted.org/packages/ca/78/81684827a247071eec55da35e5fcf047d595c210bfae33a88c99bd1b8056/grpcio_reflection-1.70.0-py3-none-any.whl", hash = "sha256:5b8730dbb316ebc0b592863f391a6effa8261be1b74022facfc2aa28639ddbfd", size = 22691, upload-time = "2025-01-23T17:57:32.508Z" },
]

[[package]]
name = "protobuf"
version = "5.29.3"
source = { registry = "https://pypi.org/simple" }
sdist = { url = "https://files.pythonhosted.org/packages/f7/d1/e0a911544ca9993e0f17ce6d3cc0932752356c1b0a834397f28e63479344/protobuf-5.29.3.tar.gz", hash = "sha256:5da0f41edaf117bde316404bad1a486cb4ededf8e4a54891296f648e8e076620", size = 424945, upload-time = "2025-01-08T21:38:51.572Z" }
wheels = [
    { url = "https://files.pythonhosted.org/packages/dc/7a/1e38f3cafa022f477ca0f57a1f49962f21ad25850c3ca0acd3b9d0091518/protobuf-5.29.3-cp310-abi3-win32.whl", hash = "sha256:3ea51771449e1035f26069c4c7fd51fba990d07bc55ba80701c78f886bf9c888", size = 422708, upload-time = "2025-01-08T21:38:31.799Z" },
    { url = "https://files.pythonhosted.org/packages/61/fa/aae8e10512b83de633f2646506a6d835b151edf4b30d18d73afd01447253/protobuf-5.29.3-cp310-abi3-win_amd64.whl", hash = "sha256:a4fa6f80816a9a0678429e84973f2f98cbc218cca434abe8db2ad0bffc98503a", size = 434508, upload-time = "2025-01-08T21:38:35.489Z" },
    { url = "https://files.pythonhosted.org/packages/dd/04/3eaedc2ba17a088961d0e3bd396eac764450f431621b58a04ce898acd126/protobuf-5.29.3-cp38-abi3-macosx_10_9_universal2.whl", hash = "sha256:a8434404bbf139aa9e1300dbf989667a83d42ddda9153d8ab76e0d5dcaca484e", size = 417825, upload-time = "2025-01-08T21:38:36.642Z" },
    { url = "https://files.pythonhosted.org/packages/4f/06/7c467744d23c3979ce250397e26d8ad8eeb2bea7b18ca12ad58313c1b8d5/protobuf-5.29.3-cp38-abi3-manylinux2014_aarch64.whl", hash = "sha256:daaf63f70f25e8689c072cfad4334ca0ac1d1e05a92fc15c54eb9cf23c3efd84", size = 319573, upload-time = "2025-01-08T21:38:37.896Z" },
    { url = "https://files.pythonhosted.org/packages/a8/45/2ebbde52ad2be18d3675b6bee50e68cd73c9e0654de77d595540b5129df8/protobuf-5.29.3-cp38-abi3-manylinux2014_x86_64.whl", hash = "sha256:c027e08a08be10b67c06bf2370b99c811c466398c357e615ca88c91c07f0910f", size = 319672, upload-time = "2025-01-08T21:38:40.204Z" },
    { url = "https://files.pythonhosted.org/packages/fd/b2/ab07b09e0f6d143dfb839693aa05765257bceaa13d03bf1a696b78323e7a/protobuf-5.29.3-py3-none-any.whl", hash = "sha256:0a18ed4a24198528f2333802eb075e59dea9d679ab7a6c5efb017a59004d849f", size = 172550, upload-time = "2025-01-08T21:38:50.439Z" },
]

[[package]]
name = "types-protobuf"
version = "6.30.2.20250503"
source = { registry = "https://pypi.org/simple" }
sdist = { url = "https://files.pythonhosted.org/packages/79/6b/1c384ec9746a6f2a255de6002d43591b886b5950985cb6c62713b3a2b275/types_protobuf-6.30.2.20250503.tar.gz", hash = "sha256:14ad797be85ce763c710b2d8e7cf8c4fc7972d4b986620899727c7dec1e66468", size = 59682, upload-time = "2025-05-03T02:58:07.114Z" }
wheels = [
    { url = "https://files.pythonhosted.org/packages/53/49/03d14506f26c3e5a9302d6a1f0709cc6ed40b83f0088e647e3fbc0ede4a5/types_protobuf-6.30.2.20250503-py3-none-any.whl", hash = "sha256:fc78df75118155b9617c8e8c3944eaf8f537f943b2f258b00b8520162c32d829", size = 73845, upload-time = "2025-05-03T02:58:05.735Z" },
]
